PODS:
  - AccordionMenuSwift (0.1.0)

DEPENDENCIES:
  - AccordionMenuSwift (from `../`)

EXTERNAL SOURCES:
  AccordionMenuSwift:
    :path: "../"

SPEC CHECKSUMS:
  AccordionMenuSwift: 7c7ceadfa710b36a2d91be15ca6d3a94344d1c2f

PODFILE CHECKSUM: 1758c8cd517591006991428f4e4c1c9440f22dcc

COCOAPODS: 1.1.1
